
Microsoft Visual Studio Solution File, Format Version 12.00
# Visual Studio 14
VisualStudioVersion = 14.0.25123.0
MinimumVisualStudioVersion = 10.0.40219.1
Project("{FAE04EC0-301F-11D3-BF4B-00C04F79EFBC}") = "SharePost.Droid", "SharePost\SharePost.Droid\SharePost.Droid.csproj", "{0E2AC63A-F752-4E62-96B1-86E687A3706A}"
EndProject
Project("{FAE04EC0-301F-11D3-BF4B-00C04F79EFBC}") = "SharePost.iOS", "SharePost\SharePost.iOS\SharePost.iOS.csproj", "{D430BE09-3899-4278-AFD3-6F1DB0D0AAFB}"
EndProject
Project("{FAE04EC0-301F-11D3-BF4B-00C04F79EFBC}") = "SharePost.WinPhone", "SharePost\SharePost.WinPhone\SharePost.WinPhone.csproj", "{22B432F8-80C1-41AE-AA60-907EB0012480}"
EndProject
Project("{FAE04EC0-301F-11D3-BF4B-00C04F79EFBC}") = "SharePost.UWP", "SharePost\SharePost.UWP\SharePost.UWP.csproj", "{01A16FBA-B4C5-46CA-9930-24A370BFE341}"
EndProject
Project("{FAE04EC0-301F-11D3-BF4B-00C04F79EFBC}") = "SharePost.Windows", "SharePost\SharePost.Windows\SharePost.Windows.csproj", "{DC82349F-EE79-4D22-A579-470F44DD4F34}"
EndProject
Project("{FAE04EC0-301F-11D3-BF4B-00C04F79EFBC}") = "SharePost", "SharePost\SharePost\SharePost.csproj", "{A0FA012C-7E2D-4951-80F4-78A580E19F3F}"
EndProject
Global
	GlobalSection(SolutionConfigurationPlatforms) = preSolution
		Ad-Hoc|Any CPU = Ad-Hoc|Any CPU
		Ad-Hoc|ARM = Ad-Hoc|ARM
		Ad-Hoc|iPhone = Ad-Hoc|iPhone
		Ad-Hoc|iPhoneSimulator = Ad-Hoc|iPhoneSimulator
		Ad-Hoc|x64 = Ad-Hoc|x64
		Ad-Hoc|x86 = Ad-Hoc|x86
		AppStore|Any CPU = AppStore|Any CPU
		AppStore|ARM = AppStore|ARM
		AppStore|iPhone = AppStore|iPhone
		AppStore|iPhoneSimulator = AppStore|iPhoneSimulator
		AppStore|x64 = AppStore|x64
		AppStore|x86 = AppStore|x86
		Debug|Any CPU = Debug|Any CPU
		Debug|ARM = Debug|ARM
		Debug|iPhone = Debug|iPhone
		Debug|iPhoneSimulator = Debug|iPhoneSimulator
		Debug|x64 = Debug|x64
		Debug|x86 = Debug|x86
		Release|Any CPU = Release|Any CPU
		Release|ARM = Release|ARM
		Release|iPhone = Release|iPhone
		Release|iPhoneSimulator = Release|iPhoneSimulator
		Release|x64 = Release|x64
		Release|x86 = Release|x86
	EndGlobalSection
	GlobalSection(ProjectConfigurationPlatforms) = postSolution
		{0E2AC63A-F752-4E62-96B1-86E687A3706A}.Ad-Hoc|Any CPU.ActiveCfg = Release|Any CPU
		{0E2AC63A-F752-4E62-96B1-86E687A3706A}.Ad-Hoc|Any CPU.Build.0 = Release|Any CPU
		{0E2AC63A-F752-4E62-96B1-86E687A3706A}.Ad-Hoc|Any CPU.Deploy.0 = Release|Any CPU
		{0E2AC63A-F752-4E62-96B1-86E687A3706A}.Ad-Hoc|ARM.ActiveCfg = Release|Any CPU
		{0E2AC63A-F752-4E62-96B1-86E687A3706A}.Ad-Hoc|ARM.Build.0 = Release|Any CPU
		{0E2AC63A-F752-4E62-96B1-86E687A3706A}.Ad-Hoc|ARM.Deploy.0 = Release|Any CPU
		{0E2AC63A-F752-4E62-96B1-86E687A3706A}.Ad-Hoc|iPhone.ActiveCfg = Release|Any CPU
		{0E2AC63A-F752-4E62-96B1-86E687A3706A}.Ad-Hoc|iPhone.Build.0 = Release|Any CPU
		{0E2AC63A-F752-4E62-96B1-86E687A3706A}.Ad-Hoc|iPhone.Deploy.0 = Release|Any CPU
		{0E2AC63A-F752-4E62-96B1-86E687A3706A}.Ad-Hoc|iPhoneSimulator.ActiveCfg = Release|Any CPU
		{0E2AC63A-F752-4E62-96B1-86E687A3706A}.Ad-Hoc|iPhoneSimulator.Build.0 = Release|Any CPU
		{0E2AC63A-F752-4E62-96B1-86E687A3706A}.Ad-Hoc|iPhoneSimulator.Deploy.0 = Release|Any CPU
		{0E2AC63A-F752-4E62-96B1-86E687A3706A}.Ad-Hoc|x64.ActiveCfg = Release|Any CPU
		{0E2AC63A-F752-4E62-96B1-86E687A3706A}.Ad-Hoc|x64.Build.0 = Release|Any CPU
		{0E2AC63A-F752-4E62-96B1-86E687A3706A}.Ad-Hoc|x64.Deploy.0 = Release|Any CPU
		{0E2AC63A-F752-4E62-96B1-86E687A3706A}.Ad-Hoc|x86.ActiveCfg = Release|Any CPU
		{0E2AC63A-F752-4E62-96B1-86E687A3706A}.Ad-Hoc|x86.Build.0 = Release|Any CPU
		{0E2AC63A-F752-4E62-96B1-86E687A3706A}.Ad-Hoc|x86.Deploy.0 = Release|Any CPU
		{0E2AC63A-F752-4E62-96B1-86E687A3706A}.AppStore|Any CPU.ActiveCfg = Release|Any CPU
		{0E2AC63A-F752-4E62-96B1-86E687A3706A}.AppStore|Any CPU.Build.0 = Release|Any CPU
		{0E2AC63A-F752-4E62-96B1-86E687A3706A}.AppStore|Any CPU.Deploy.0 = Release|Any CPU
		{0E2AC63A-F752-4E62-96B1-86E687A3706A}.AppStore|ARM.ActiveCfg = Release|Any CPU
		{0E2AC63A-F752-4E62-96B1-86E687A3706A}.AppStore|ARM.Build.0 = Release|Any CPU
		{0E2AC63A-F752-4E62-96B1-86E687A3706A}.AppStore|ARM.Deploy.0 = Release|Any CPU
		{0E2AC63A-F752-4E62-96B1-86E687A3706A}.AppStore|iPhone.ActiveCfg = Release|Any CPU
		{0E2AC63A-F752-4E62-96B1-86E687A3706A}.AppStore|iPhone.Build.0 = Release|Any CPU
		{0E2AC63A-F752-4E62-96B1-86E687A3706A}.AppStore|iPhone.Deploy.0 = Release|Any CPU
		{0E2AC63A-F752-4E62-96B1-86E687A3706A}.AppStore|iPhoneSimulator.ActiveCfg = Release|Any CPU
		{0E2AC63A-F752-4E62-96B1-86E687A3706A}.AppStore|iPhoneSimulator.Build.0 = Release|Any CPU
		{0E2AC63A-F752-4E62-96B1-86E687A3706A}.AppStore|iPhoneSimulator.Deploy.0 = Release|Any CPU
		{0E2AC63A-F752-4E62-96B1-86E687A3706A}.AppStore|x64.ActiveCfg = Release|Any CPU
		{0E2AC63A-F752-4E62-96B1-86E687A3706A}.AppStore|x64.Build.0 = Release|Any CPU
		{0E2AC63A-F752-4E62-96B1-86E687A3706A}.AppStore|x64.Deploy.0 = Release|Any CPU
		{0E2AC63A-F752-4E62-96B1-86E687A3706A}.AppStore|x86.ActiveCfg = Release|Any CPU
		{0E2AC63A-F752-4E62-96B1-86E687A3706A}.AppStore|x86.Build.0 = Release|Any CPU
		{0E2AC63A-F752-4E62-96B1-86E687A3706A}.AppStore|x86.Deploy.0 = Release|Any CPU
		{0E2AC63A-F752-4E62-96B1-86E687A3706A}.Debug|Any CPU.ActiveCfg = Debug|Any CPU
		{0E2AC63A-F752-4E62-96B1-86E687A3706A}.Debug|Any CPU.Build.0 = Debug|Any CPU
		{0E2AC63A-F752-4E62-96B1-86E687A3706A}.Debug|Any CPU.Deploy.0 = Debug|Any CPU
		{0E2AC63A-F752-4E62-96B1-86E687A3706A}.Debug|ARM.ActiveCfg = Debug|Any CPU
		{0E2AC63A-F752-4E62-96B1-86E687A3706A}.Debug|ARM.Build.0 = Debug|Any CPU
		{0E2AC63A-F752-4E62-96B1-86E687A3706A}.Debug|ARM.Deploy.0 = Debug|Any CPU
		{0E2AC63A-F752-4E62-96B1-86E687A3706A}.Debug|iPhone.ActiveCfg = Debug|Any CPU
		{0E2AC63A-F752-4E62-96B1-86E687A3706A}.Debug|iPhone.Build.0 = Debug|Any CPU
		{0E2AC63A-F752-4E62-96B1-86E687A3706A}.Debug|iPhone.Deploy.0 = Debug|Any CPU
		{0E2AC63A-F752-4E62-96B1-86E687A3706A}.Debug|iPhoneSimulator.ActiveCfg = Debug|Any CPU
		{0E2AC63A-F752-4E62-96B1-86E687A3706A}.Debug|iPhoneSimulator.Build.0 = Debug|Any CPU
		{0E2AC63A-F752-4E62-96B1-86E687A3706A}.Debug|iPhoneSimulator.Deploy.0 = Debug|Any CPU
		{0E2AC63A-F752-4E62-96B1-86E687A3706A}.Debug|x64.ActiveCfg = Debug|Any CPU
		{0E2AC63A-F752-4E62-96B1-86E687A3706A}.Debug|x64.Build.0 = Debug|Any CPU
		{0E2AC63A-F752-4E62-96B1-86E687A3706A}.Debug|x64.Deploy.0 = Debug|Any CPU
		{0E2AC63A-F752-4E62-96B1-86E687A3706A}.Debug|x86.ActiveCfg = Debug|Any CPU
		{0E2AC63A-F752-4E62-96B1-86E687A3706A}.Debug|x86.Build.0 = Debug|Any CPU
		{0E2AC63A-F752-4E62-96B1-86E687A3706A}.Debug|x86.Deploy.0 = Debug|Any CPU
		{0E2AC63A-F752-4E62-96B1-86E687A3706A}.Release|Any CPU.ActiveCfg = Release|Any CPU
		{0E2AC63A-F752-4E62-96B1-86E687A3706A}.Release|Any CPU.Build.0 = Release|Any CPU
		{0E2AC63A-F752-4E62-96B1-86E687A3706A}.Release|Any CPU.Deploy.0 = Release|Any CPU
		{0E2AC63A-F752-4E62-96B1-86E687A3706A}.Release|ARM.ActiveCfg = Release|Any CPU
		{0E2AC63A-F752-4E62-96B1-86E687A3706A}.Release|ARM.Build.0 = Release|Any CPU
		{0E2AC63A-F752-4E62-96B1-86E687A3706A}.Release|ARM.Deploy.0 = Release|Any CPU
		{0E2AC63A-F752-4E62-96B1-86E687A3706A}.Release|iPhone.ActiveCfg = Release|Any CPU
		{0E2AC63A-F752-4E62-96B1-86E687A3706A}.Release|iPhone.Build.0 = Release|Any CPU
		{0E2AC63A-F752-4E62-96B1-86E687A3706A}.Release|iPhone.Deploy.0 = Release|Any CPU
		{0E2AC63A-F752-4E62-96B1-86E687A3706A}.Release|iPhoneSimulator.ActiveCfg = Release|Any CPU
		{0E2AC63A-F752-4E62-96B1-86E687A3706A}.Release|iPhoneSimulator.Build.0 = Release|Any CPU
		{0E2AC63A-F752-4E62-96B1-86E687A3706A}.Release|iPhoneSimulator.Deploy.0 = Release|Any CPU
		{0E2AC63A-F752-4E62-96B1-86E687A3706A}.Release|x64.ActiveCfg = Release|Any CPU
		{0E2AC63A-F752-4E62-96B1-86E687A3706A}.Release|x64.Build.0 = Release|Any CPU
		{0E2AC63A-F752-4E62-96B1-86E687A3706A}.Release|x64.Deploy.0 = Release|Any CPU
		{0E2AC63A-F752-4E62-96B1-86E687A3706A}.Release|x86.ActiveCfg = Release|Any CPU
		{0E2AC63A-F752-4E62-96B1-86E687A3706A}.Release|x86.Build.0 = Release|Any CPU
		{0E2AC63A-F752-4E62-96B1-86E687A3706A}.Release|x86.Deploy.0 = Release|Any CPU
		{D430BE09-3899-4278-AFD3-6F1DB0D0AAFB}.Ad-Hoc|Any CPU.ActiveCfg = Ad-Hoc|iPhone
		{D430BE09-3899-4278-AFD3-6F1DB0D0AAFB}.Ad-Hoc|ARM.ActiveCfg = Ad-Hoc|iPhone
		{D430BE09-3899-4278-AFD3-6F1DB0D0AAFB}.Ad-Hoc|iPhone.ActiveCfg = Ad-Hoc|iPhone
		{D430BE09-3899-4278-AFD3-6F1DB0D0AAFB}.Ad-Hoc|iPhone.Build.0 = Ad-Hoc|iPhone
		{D430BE09-3899-4278-AFD3-6F1DB0D0AAFB}.Ad-Hoc|iPhoneSimulator.ActiveCfg = Ad-Hoc|iPhoneSimulator
		{D430BE09-3899-4278-AFD3-6F1DB0D0AAFB}.Ad-Hoc|iPhoneSimulator.Build.0 = Ad-Hoc|iPhoneSimulator
		{D430BE09-3899-4278-AFD3-6F1DB0D0AAFB}.Ad-Hoc|x64.ActiveCfg = Ad-Hoc|iPhone
		{D430BE09-3899-4278-AFD3-6F1DB0D0AAFB}.Ad-Hoc|x86.ActiveCfg = Ad-Hoc|iPhone
		{D430BE09-3899-4278-AFD3-6F1DB0D0AAFB}.AppStore|Any CPU.ActiveCfg = AppStore|iPhone
		{D430BE09-3899-4278-AFD3-6F1DB0D0AAFB}.AppStore|ARM.ActiveCfg = AppStore|iPhone
		{D430BE09-3899-4278-AFD3-6F1DB0D0AAFB}.AppStore|iPhone.ActiveCfg = AppStore|iPhone
		{D430BE09-3899-4278-AFD3-6F1DB0D0AAFB}.AppStore|iPhone.Build.0 = AppStore|iPhone
		{D430BE09-3899-4278-AFD3-6F1DB0D0AAFB}.AppStore|iPhoneSimulator.ActiveCfg = AppStore|iPhoneSimulator
		{D430BE09-3899-4278-AFD3-6F1DB0D0AAFB}.AppStore|iPhoneSimulator.Build.0 = AppStore|iPhoneSimulator
		{D430BE09-3899-4278-AFD3-6F1DB0D0AAFB}.AppStore|x64.ActiveCfg = AppStore|iPhone
		{D430BE09-3899-4278-AFD3-6F1DB0D0AAFB}.AppStore|x86.ActiveCfg = AppStore|iPhone
		{D430BE09-3899-4278-AFD3-6F1DB0D0AAFB}.Debug|Any CPU.ActiveCfg = Debug|iPhone
		{D430BE09-3899-4278-AFD3-6F1DB0D0AAFB}.Debug|ARM.ActiveCfg = Debug|iPhone
		{D430BE09-3899-4278-AFD3-6F1DB0D0AAFB}.Debug|iPhone.ActiveCfg = Debug|iPhone
		{D430BE09-3899-4278-AFD3-6F1DB0D0AAFB}.Debug|iPhone.Build.0 = Debug|iPhone
		{D430BE09-3899-4278-AFD3-6F1DB0D0AAFB}.Debug|iPhoneSimulator.ActiveCfg = Debug|iPhoneSimulator
		{D430BE09-3899-4278-AFD3-6F1DB0D0AAFB}.Debug|iPhoneSimulator.Build.0 = Debug|iPhoneSimulator
		{D430BE09-3899-4278-AFD3-6F1DB0D0AAFB}.Debug|x64.ActiveCfg = Debug|iPhone
		{D430BE09-3899-4278-AFD3-6F1DB0D0AAFB}.Debug|x86.ActiveCfg = Debug|iPhone
		{D430BE09-3899-4278-AFD3-6F1DB0D0AAFB}.Release|Any CPU.ActiveCfg = Release|iPhone
		{D430BE09-3899-4278-AFD3-6F1DB0D0AAFB}.Release|ARM.ActiveCfg = Release|iPhone
		{D430BE09-3899-4278-AFD3-6F1DB0D0AAFB}.Release|iPhone.ActiveCfg = Release|iPhone
		{D430BE09-3899-4278-AFD3-6F1DB0D0AAFB}.Release|iPhone.Build.0 = Release|iPhone
		{D430BE09-3899-4278-AFD3-6F1DB0D0AAFB}.Release|iPhoneSimulator.ActiveCfg = Release|iPhoneSimulator
		{D430BE09-3899-4278-AFD3-6F1DB0D0AAFB}.Release|iPhoneSimulator.Build.0 = Release|iPhoneSimulator
		{D430BE09-3899-4278-AFD3-6F1DB0D0AAFB}.Release|x64.ActiveCfg = Release|iPhone
		{D430BE09-3899-4278-AFD3-6F1DB0D0AAFB}.Release|x86.ActiveCfg = Release|iPhone
		{22B432F8-80C1-41AE-AA60-907EB0012480}.Ad-Hoc|Any CPU.ActiveCfg = Release|Any CPU
		{22B432F8-80C1-41AE-AA60-907EB0012480}.Ad-Hoc|Any CPU.Build.0 = Release|Any CPU
		{22B432F8-80C1-41AE-AA60-907EB0012480}.Ad-Hoc|Any CPU.Deploy.0 = Release|Any CPU
		{22B432F8-80C1-41AE-AA60-907EB0012480}.Ad-Hoc|ARM.ActiveCfg = Release|ARM
		{22B432F8-80C1-41AE-AA60-907EB0012480}.Ad-Hoc|ARM.Build.0 = Release|ARM
		{22B432F8-80C1-41AE-AA60-907EB0012480}.Ad-Hoc|ARM.Deploy.0 = Release|ARM
		{22B432F8-80C1-41AE-AA60-907EB0012480}.Ad-Hoc|iPhone.ActiveCfg = Release|Any CPU
		{22B432F8-80C1-41AE-AA60-907EB0012480}.Ad-Hoc|iPhone.Build.0 = Release|Any CPU
		{22B432F8-80C1-41AE-AA60-907EB0012480}.Ad-Hoc|iPhone.Deploy.0 = Release|Any CPU
		{22B432F8-80C1-41AE-AA60-907EB0012480}.Ad-Hoc|iPhoneSimulator.ActiveCfg = Release|Any CPU
		{22B432F8-80C1-41AE-AA60-907EB0012480}.Ad-Hoc|iPhoneSimulator.Build.0 = Release|Any CPU
		{22B432F8-80C1-41AE-AA60-907EB0012480}.Ad-Hoc|iPhoneSimulator.Deploy.0 = Release|Any CPU
		{22B432F8-80C1-41AE-AA60-907EB0012480}.Ad-Hoc|x64.ActiveCfg = Release|Any CPU
		{22B432F8-80C1-41AE-AA60-907EB0012480}.Ad-Hoc|x64.Build.0 = Release|Any CPU
		{22B432F8-80C1-41AE-AA60-907EB0012480}.Ad-Hoc|x64.Deploy.0 = Release|Any CPU
		{22B432F8-80C1-41AE-AA60-907EB0012480}.Ad-Hoc|x86.ActiveCfg = Release|x86
		{22B432F8-80C1-41AE-AA60-907EB0012480}.Ad-Hoc|x86.Build.0 = Release|x86
		{22B432F8-80C1-41AE-AA60-907EB0012480}.Ad-Hoc|x86.Deploy.0 = Release|x86
		{22B432F8-80C1-41AE-AA60-907EB0012480}.AppStore|Any CPU.ActiveCfg = Release|Any CPU
		{22B432F8-80C1-41AE-AA60-907EB0012480}.AppStore|Any CPU.Build.0 = Release|Any CPU
		{22B432F8-80C1-41AE-AA60-907EB0012480}.AppStore|Any CPU.Deploy.0 = Release|Any CPU
		{22B432F8-80C1-41AE-AA60-907EB0012480}.AppStore|ARM.ActiveCfg = Release|ARM
		{22B432F8-80C1-41AE-AA60-907EB0012480}.AppStore|ARM.Build.0 = Release|ARM
		{22B432F8-80C1-41AE-AA60-907EB0012480}.AppStore|ARM.Deploy.0 = Release|ARM
		{22B432F8-80C1-41AE-AA60-907EB0012480}.AppStore|iPhone.ActiveCfg = Release|Any CPU
		{22B432F8-80C1-41AE-AA60-907EB0012480}.AppStore|iPhone.Build.0 = Release|Any CPU
		{22B432F8-80C1-41AE-AA60-907EB0012480}.AppStore|iPhone.Deploy.0 = Release|Any CPU
		{22B432F8-80C1-41AE-AA60-907EB0012480}.AppStore|iPhoneSimulator.ActiveCfg = Release|Any CPU
		{22B432F8-80C1-41AE-AA60-907EB0012480}.AppStore|iPhoneSimulator.Build.0 = Release|Any CPU
		{22B432F8-80C1-41AE-AA60-907EB0012480}.AppStore|iPhoneSimulator.Deploy.0 = Release|Any CPU
		{22B432F8-80C1-41AE-AA60-907EB0012480}.AppStore|x64.ActiveCfg = Release|Any CPU
		{22B432F8-80C1-41AE-AA60-907EB0012480}.AppStore|x64.Build.0 = Release|Any CPU
		{22B432F8-80C1-41AE-AA60-907EB0012480}.AppStore|x64.Deploy.0 = Release|Any CPU
		{22B432F8-80C1-41AE-AA60-907EB0012480}.AppStore|x86.ActiveCfg = Release|x86
		{22B432F8-80C1-41AE-AA60-907EB0012480}.AppStore|x86.Build.0 = Release|x86
		{22B432F8-80C1-41AE-AA60-907EB0012480}.AppStore|x86.Deploy.0 = Release|x86
		{22B432F8-80C1-41AE-AA60-907EB0012480}.Debug|Any CPU.ActiveCfg = Debug|Any CPU
		{22B432F8-80C1-41AE-AA60-907EB0012480}.Debug|Any CPU.Build.0 = Debug|Any CPU
		{22B432F8-80C1-41AE-AA60-907EB0012480}.Debug|Any CPU.Deploy.0 = Debug|Any CPU
		{22B432F8-80C1-41AE-AA60-907EB0012480}.Debug|ARM.ActiveCfg = Debug|ARM
		{22B432F8-80C1-41AE-AA60-907EB0012480}.Debug|ARM.Build.0 = Debug|ARM
		{22B432F8-80C1-41AE-AA60-907EB0012480}.Debug|ARM.Deploy.0 = Debug|ARM
		{22B432F8-80C1-41AE-AA60-907EB0012480}.Debug|iPhone.ActiveCfg = Debug|Any CPU
		{22B432F8-80C1-41AE-AA60-907EB0012480}.Debug|iPhone.Build.0 = Debug|Any CPU
		{22B432F8-80C1-41AE-AA60-907EB0012480}.Debug|iPhone.Deploy.0 = Debug|Any CPU
		{22B432F8-80C1-41AE-AA60-907EB0012480}.Debug|iPhoneSimulator.ActiveCfg = Debug|Any CPU
		{22B432F8-80C1-41AE-AA60-907EB0012480}.Debug|iPhoneSimulator.Build.0 = Debug|Any CPU
		{22B432F8-80C1-41AE-AA60-907EB0012480}.Debug|iPhoneSimulator.Deploy.0 = Debug|Any CPU
		{22B432F8-80C1-41AE-AA60-907EB0012480}.Debug|x64.ActiveCfg = Debug|Any CPU
		{22B432F8-80C1-41AE-AA60-907EB0012480}.Debug|x64.Build.0 = Debug|Any CPU
		{22B432F8-80C1-41AE-AA60-907EB0012480}.Debug|x64.Deploy.0 = Debug|Any CPU
		{22B432F8-80C1-41AE-AA60-907EB0012480}.Debug|x86.ActiveCfg = Debug|x86
		{22B432F8-80C1-41AE-AA60-907EB0012480}.Debug|x86.Build.0 = Debug|x86
		{22B432F8-80C1-41AE-AA60-907EB0012480}.Debug|x86.Deploy.0 = Debug|x86
		{22B432F8-80C1-41AE-AA60-907EB0012480}.Release|Any CPU.ActiveCfg = Release|Any CPU
		{22B432F8-80C1-41AE-AA60-907EB0012480}.Release|Any CPU.Build.0 = Release|Any CPU
		{22B432F8-80C1-41AE-AA60-907EB0012480}.Release|Any CPU.Deploy.0 = Release|Any CPU
		{22B432F8-80C1-41AE-AA60-907EB0012480}.Release|ARM.ActiveCfg = Release|ARM
		{22B432F8-80C1-41AE-AA60-907EB0012480}.Release|ARM.Build.0 = Release|ARM
		{22B432F8-80C1-41AE-AA60-907EB0012480}.Release|ARM.Deploy.0 = Release|ARM
		{22B432F8-80C1-41AE-AA60-907EB0012480}.Release|iPhone.ActiveCfg = Release|Any CPU
		{22B432F8-80C1-41AE-AA60-907EB0012480}.Release|iPhone.Build.0 = Release|Any CPU
		{22B432F8-80C1-41AE-AA60-907EB0012480}.Release|iPhone.Deploy.0 = Release|Any CPU
		{22B432F8-80C1-41AE-AA60-907EB0012480}.Release|iPhoneSimulator.ActiveCfg = Release|Any CPU
		{22B432F8-80C1-41AE-AA60-907EB0012480}.Release|iPhoneSimulator.Build.0 = Release|Any CPU
		{22B432F8-80C1-41AE-AA60-907EB0012480}.Release|iPhoneSimulator.Deploy.0 = Release|Any CPU
		{22B432F8-80C1-41AE-AA60-907EB0012480}.Release|x64.ActiveCfg = Release|Any CPU
		{22B432F8-80C1-41AE-AA60-907EB0012480}.Release|x64.Build.0 = Release|Any CPU
		{22B432F8-80C1-41AE-AA60-907EB0012480}.Release|x64.Deploy.0 = Release|Any CPU
		{22B432F8-80C1-41AE-AA60-907EB0012480}.Release|x86.ActiveCfg = Release|x86
		{22B432F8-80C1-41AE-AA60-907EB0012480}.Release|x86.Build.0 = Release|x86
		{22B432F8-80C1-41AE-AA60-907EB0012480}.Release|x86.Deploy.0 = Release|x86
		{01A16FBA-B4C5-46CA-9930-24A370BFE341}.Ad-Hoc|Any CPU.ActiveCfg = Release|x86
		{01A16FBA-B4C5-46CA-9930-24A370BFE341}.Ad-Hoc|Any CPU.Build.0 = Release|x86
		{01A16FBA-B4C5-46CA-9930-24A370BFE341}.Ad-Hoc|Any CPU.Deploy.0 = Release|x86
		{01A16FBA-B4C5-46CA-9930-24A370BFE341}.Ad-Hoc|ARM.ActiveCfg = Release|ARM
		{01A16FBA-B4C5-46CA-9930-24A370BFE341}.Ad-Hoc|ARM.Build.0 = Release|ARM
		{01A16FBA-B4C5-46CA-9930-24A370BFE341}.Ad-Hoc|ARM.Deploy.0 = Release|ARM
		{01A16FBA-B4C5-46CA-9930-24A370BFE341}.Ad-Hoc|iPhone.ActiveCfg = Release|x86
		{01A16FBA-B4C5-46CA-9930-24A370BFE341}.Ad-Hoc|iPhone.Build.0 = Release|x86
		{01A16FBA-B4C5-46CA-9930-24A370BFE341}.Ad-Hoc|iPhone.Deploy.0 = Release|x86
		{01A16FBA-B4C5-46CA-9930-24A370BFE341}.Ad-Hoc|iPhoneSimulator.ActiveCfg = Release|x86
		{01A16FBA-B4C5-46CA-9930-24A370BFE341}.Ad-Hoc|iPhoneSimulator.Build.0 = Release|x86
		{01A16FBA-B4C5-46CA-9930-24A370BFE341}.Ad-Hoc|iPhoneSimulator.Deploy.0 = Release|x86
		{01A16FBA-B4C5-46CA-9930-24A370BFE341}.Ad-Hoc|x64.ActiveCfg = Release|x64
		{01A16FBA-B4C5-46CA-9930-24A370BFE341}.Ad-Hoc|x64.Build.0 = Release|x64
		{01A16FBA-B4C5-46CA-9930-24A370BFE341}.Ad-Hoc|x64.Deploy.0 = Release|x64
		{01A16FBA-B4C5-46CA-9930-24A370BFE341}.Ad-Hoc|x86.ActiveCfg = Release|x86
		{01A16FBA-B4C5-46CA-9930-24A370BFE341}.Ad-Hoc|x86.Build.0 = Release|x86
		{01A16FBA-B4C5-46CA-9930-24A370BFE341}.Ad-Hoc|x86.Deploy.0 = Release|x86
		{01A16FBA-B4C5-46CA-9930-24A370BFE341}.AppStore|Any CPU.ActiveCfg = Release|x86
		{01A16FBA-B4C5-46CA-9930-24A370BFE341}.AppStore|Any CPU.Build.0 = Release|x86
		{01A16FBA-B4C5-46CA-9930-24A370BFE341}.AppStore|Any CPU.Deploy.0 = Release|x86
		{01A16FBA-B4C5-46CA-9930-24A370BFE341}.AppStore|ARM.ActiveCfg = Release|ARM
		{01A16FBA-B4C5-46CA-9930-24A370BFE341}.AppStore|ARM.Build.0 = Release|ARM
		{01A16FBA-B4C5-46CA-9930-24A370BFE341}.AppStore|ARM.Deploy.0 = Release|ARM
		{01A16FBA-B4C5-46CA-9930-24A370BFE341}.AppStore|iPhone.ActiveCfg = Release|x86
		{01A16FBA-B4C5-46CA-9930-24A370BFE341}.AppStore|iPhone.Build.0 = Release|x86
		{01A16FBA-B4C5-46CA-9930-24A370BFE341}.AppStore|iPhone.Deploy.0 = Release|x86
		{01A16FBA-B4C5-46CA-9930-24A370BFE341}.AppStore|iPhoneSimulator.ActiveCfg = Release|x86
		{01A16FBA-B4C5-46CA-9930-24A370BFE341}.AppStore|iPhoneSimulator.Build.0 = Release|x86
		{01A16FBA-B4C5-46CA-9930-24A370BFE341}.AppStore|iPhoneSimulator.Deploy.0 = Release|x86
		{01A16FBA-B4C5-46CA-9930-24A370BFE341}.AppStore|x64.ActiveCfg = Release|x64
		{01A16FBA-B4C5-46CA-9930-24A370BFE341}.AppStore|x64.Build.0 = Release|x64
		{01A16FBA-B4C5-46CA-9930-24A370BFE341}.AppStore|x64.Deploy.0 = Release|x64
		{01A16FBA-B4C5-46CA-9930-24A370BFE341}.AppStore|x86.ActiveCfg = Release|x86
		{01A16FBA-B4C5-46CA-9930-24A370BFE341}.AppStore|x86.Build.0 = Release|x86
		{01A16FBA-B4C5-46CA-9930-24A370BFE341}.AppStore|x86.Deploy.0 = Release|x86
		{01A16FBA-B4C5-46CA-9930-24A370BFE341}.Debug|Any CPU.ActiveCfg = Debug|x86
		{01A16FBA-B4C5-46CA-9930-24A370BFE341}.Debug|ARM.ActiveCfg = Debug|ARM
		{01A16FBA-B4C5-46CA-9930-24A370BFE341}.Debug|ARM.Build.0 = Debug|ARM
		{01A16FBA-B4C5-46CA-9930-24A370BFE341}.Debug|ARM.Deploy.0 = Debug|ARM
		{01A16FBA-B4C5-46CA-9930-24A370BFE341}.Debug|iPhone.ActiveCfg = Debug|x86
		{01A16FBA-B4C5-46CA-9930-24A370BFE341}.Debug|iPhoneSimulator.ActiveCfg = Debug|x86
		{01A16FBA-B4C5-46CA-9930-24A370BFE341}.Debug|x64.ActiveCfg = Debug|x64
		{01A16FBA-B4C5-46CA-9930-24A370BFE341}.Debug|x64.Build.0 = Debug|x64
		{01A16FBA-B4C5-46CA-9930-24A370BFE341}.Debug|x64.Deploy.0 = Debug|x64
		{01A16FBA-B4C5-46CA-9930-24A370BFE341}.Debug|x86.ActiveCfg = Debug|x86
		{01A16FBA-B4C5-46CA-9930-24A370BFE341}.Debug|x86.Build.0 = Debug|x86
		{01A16FBA-B4C5-46CA-9930-24A370BFE341}.Debug|x86.Deploy.0 = Debug|x86
		{01A16FBA-B4C5-46CA-9930-24A370BFE341}.Release|Any CPU.ActiveCfg = Release|x86
		{01A16FBA-B4C5-46CA-9930-24A370BFE341}.Release|ARM.ActiveCfg = Release|ARM
		{01A16FBA-B4C5-46CA-9930-24A370BFE341}.Release|ARM.Build.0 = Release|ARM
		{01A16FBA-B4C5-46CA-9930-24A370BFE341}.Release|ARM.Deploy.0 = Release|ARM
		{01A16FBA-B4C5-46CA-9930-24A370BFE341}.Release|iPhone.ActiveCfg = Release|x86
		{01A16FBA-B4C5-46CA-9930-24A370BFE341}.Release|iPhoneSimulator.ActiveCfg = Release|x86
		{01A16FBA-B4C5-46CA-9930-24A370BFE341}.Release|x64.ActiveCfg = Release|x64
		{01A16FBA-B4C5-46CA-9930-24A370BFE341}.Release|x64.Build.0 = Release|x64
		{01A16FBA-B4C5-46CA-9930-24A370BFE341}.Release|x64.Deploy.0 = Release|x64
		{01A16FBA-B4C5-46CA-9930-24A370BFE341}.Release|x86.ActiveCfg = Release|x86
		{01A16FBA-B4C5-46CA-9930-24A370BFE341}.Release|x86.Build.0 = Release|x86
		{01A16FBA-B4C5-46CA-9930-24A370BFE341}.Release|x86.Deploy.0 = Release|x86
		{DC82349F-EE79-4D22-A579-470F44DD4F34}.Ad-Hoc|Any CPU.ActiveCfg = Release|Any CPU
		{DC82349F-EE79-4D22-A579-470F44DD4F34}.Ad-Hoc|Any CPU.Build.0 = Release|Any CPU
		{DC82349F-EE79-4D22-A579-470F44DD4F34}.Ad-Hoc|Any CPU.Deploy.0 = Release|Any CPU
		{DC82349F-EE79-4D22-A579-470F44DD4F34}.Ad-Hoc|ARM.ActiveCfg = Release|ARM
		{DC82349F-EE79-4D22-A579-470F44DD4F34}.Ad-Hoc|ARM.Build.0 = Release|ARM
		{DC82349F-EE79-4D22-A579-470F44DD4F34}.Ad-Hoc|ARM.Deploy.0 = Release|ARM
		{DC82349F-EE79-4D22-A579-470F44DD4F34}.Ad-Hoc|iPhone.ActiveCfg = Release|Any CPU
		{DC82349F-EE79-4D22-A579-470F44DD4F34}.Ad-Hoc|iPhone.Build.0 = Release|Any CPU
		{DC82349F-EE79-4D22-A579-470F44DD4F34}.Ad-Hoc|iPhone.Deploy.0 = Release|Any CPU
		{DC82349F-EE79-4D22-A579-470F44DD4F34}.Ad-Hoc|iPhoneSimulator.ActiveCfg = Release|Any CPU
		{DC82349F-EE79-4D22-A579-470F44DD4F34}.Ad-Hoc|iPhoneSimulator.Build.0 = Release|Any CPU
		{DC82349F-EE79-4D22-A579-470F44DD4F34}.Ad-Hoc|iPhoneSimulator.Deploy.0 = Release|Any CPU
		{DC82349F-EE79-4D22-A579-470F44DD4F34}.Ad-Hoc|x64.ActiveCfg = Release|x64
		{DC82349F-EE79-4D22-A579-470F44DD4F34}.Ad-Hoc|x64.Build.0 = Release|x64
		{DC82349F-EE79-4D22-A579-470F44DD4F34}.Ad-Hoc|x64.Deploy.0 = Release|x64
		{DC82349F-EE79-4D22-A579-470F44DD4F34}.Ad-Hoc|x86.ActiveCfg = Release|x86
		{DC82349F-EE79-4D22-A579-470F44DD4F34}.Ad-Hoc|x86.Build.0 = Release|x86
		{DC82349F-EE79-4D22-A579-470F44DD4F34}.Ad-Hoc|x86.Deploy.0 = Release|x86
		{DC82349F-EE79-4D22-A579-470F44DD4F34}.AppStore|Any CPU.ActiveCfg = Release|Any CPU
		{DC82349F-EE79-4D22-A579-470F44DD4F34}.AppStore|Any CPU.Build.0 = Release|Any CPU
		{DC82349F-EE79-4D22-A579-470F44DD4F34}.AppStore|Any CPU.Deploy.0 = Release|Any CPU
		{DC82349F-EE79-4D22-A579-470F44DD4F34}.AppStore|ARM.ActiveCfg = Release|ARM
		{DC82349F-EE79-4D22-A579-470F44DD4F34}.AppStore|ARM.Build.0 = Release|ARM
		{DC82349F-EE79-4D22-A579-470F44DD4F34}.AppStore|ARM.Deploy.0 = Release|ARM
		{DC82349F-EE79-4D22-A579-470F44DD4F34}.AppStore|iPhone.ActiveCfg = Release|Any CPU
		{DC82349F-EE79-4D22-A579-470F44DD4F34}.AppStore|iPhone.Build.0 = Release|Any CPU
		{DC82349F-EE79-4D22-A579-470F44DD4F34}.AppStore|iPhone.Deploy.0 = Release|Any CPU
		{DC82349F-EE79-4D22-A579-470F44DD4F34}.AppStore|iPhoneSimulator.ActiveCfg = Release|Any CPU
		{DC82349F-EE79-4D22-A579-470F44DD4F34}.AppStore|iPhoneSimulator.Build.0 = Release|Any CPU
		{DC82349F-EE79-4D22-A579-470F44DD4F34}.AppStore|iPhoneSimulator.Deploy.0 = Release|Any CPU
		{DC82349F-EE79-4D22-A579-470F44DD4F34}.AppStore|x64.ActiveCfg = Release|x64
		{DC82349F-EE79-4D22-A579-470F44DD4F34}.AppStore|x64.Build.0 = Release|x64
		{DC82349F-EE79-4D22-A579-470F44DD4F34}.AppStore|x64.Deploy.0 = Release|x64
		{DC82349F-EE79-4D22-A579-470F44DD4F34}.AppStore|x86.ActiveCfg = Release|x86
		{DC82349F-EE79-4D22-A579-470F44DD4F34}.AppStore|x86.Build.0 = Release|x86
		{DC82349F-EE79-4D22-A579-470F44DD4F34}.AppStore|x86.Deploy.0 = Release|x86
		{DC82349F-EE79-4D22-A579-470F44DD4F34}.Debug|Any CPU.ActiveCfg = Debug|Any CPU
		{DC82349F-EE79-4D22-A579-470F44DD4F34}.Debug|Any CPU.Build.0 = Debug|Any CPU
		{DC82349F-EE79-4D22-A579-470F44DD4F34}.Debug|Any CPU.Deploy.0 = Debug|Any CPU
		{DC82349F-EE79-4D22-A579-470F44DD4F34}.Debug|ARM.ActiveCfg = Debug|ARM
		{DC82349F-EE79-4D22-A579-470F44DD4F34}.Debug|ARM.Build.0 = Debug|ARM
		{DC82349F-EE79-4D22-A579-470F44DD4F34}.Debug|ARM.Deploy.0 = Debug|ARM
		{DC82349F-EE79-4D22-A579-470F44DD4F34}.Debug|iPhone.ActiveCfg = Debug|Any CPU
		{DC82349F-EE79-4D22-A579-470F44DD4F34}.Debug|iPhone.Build.0 = Debug|Any CPU
		{DC82349F-EE79-4D22-A579-470F44DD4F34}.Debug|iPhone.Deploy.0 = Debug|Any CPU
		{DC82349F-EE79-4D22-A579-470F44DD4F34}.Debug|iPhoneSimulator.ActiveCfg = Debug|Any CPU
		{DC82349F-EE79-4D22-A579-470F44DD4F34}.Debug|iPhoneSimulator.Build.0 = Debug|Any CPU
		{DC82349F-EE79-4D22-A579-470F44DD4F34}.Debug|iPhoneSimulator.Deploy.0 = Debug|Any CPU
		{DC82349F-EE79-4D22-A579-470F44DD4F34}.Debug|x64.ActiveCfg = Debug|x64
		{DC82349F-EE79-4D22-A579-470F44DD4F34}.Debug|x64.Build.0 = Debug|x64
		{DC82349F-EE79-4D22-A579-470F44DD4F34}.Debug|x64.Deploy.0 = Debug|x64
		{DC82349F-EE79-4D22-A579-470F44DD4F34}.Debug|x86.ActiveCfg = Debug|x86
		{DC82349F-EE79-4D22-A579-470F44DD4F34}.Debug|x86.Build.0 = Debug|x86
		{DC82349F-EE79-4D22-A579-470F44DD4F34}.Debug|x86.Deploy.0 = Debug|x86
		{DC82349F-EE79-4D22-A579-470F44DD4F34}.Release|Any CPU.ActiveCfg = Release|Any CPU
		{DC82349F-EE79-4D22-A579-470F44DD4F34}.Release|Any CPU.Build.0 = Release|Any CPU
		{DC82349F-EE79-4D22-A579-470F44DD4F34}.Release|Any CPU.Deploy.0 = Release|Any CPU
		{DC82349F-EE79-4D22-A579-470F44DD4F34}.Release|ARM.ActiveCfg = Release|ARM
		{DC82349F-EE79-4D22-A579-470F44DD4F34}.Release|ARM.Build.0 = Release|ARM
		{DC82349F-EE79-4D22-A579-470F44DD4F34}.Release|ARM.Deploy.0 = Release|ARM
		{DC82349F-EE79-4D22-A579-470F44DD4F34}.Release|iPhone.ActiveCfg = Release|Any CPU
		{DC82349F-EE79-4D22-A579-470F44DD4F34}.Release|iPhone.Build.0 = Release|Any CPU
		{DC82349F-EE79-4D22-A579-470F44DD4F34}.Release|iPhone.Deploy.0 = Release|Any CPU
		{DC82349F-EE79-4D22-A579-470F44DD4F34}.Release|iPhoneSimulator.ActiveCfg = Release|Any CPU
		{DC82349F-EE79-4D22-A579-470F44DD4F34}.Release|iPhoneSimulator.Build.0 = Release|Any CPU
		{DC82349F-EE79-4D22-A579-470F44DD4F34}.Release|iPhoneSimulator.Deploy.0 = Release|Any CPU
		{DC82349F-EE79-4D22-A579-470F44DD4F34}.Release|x64.ActiveCfg = Release|x64
		{DC82349F-EE79-4D22-A579-470F44DD4F34}.Release|x64.Build.0 = Release|x64
		{DC82349F-EE79-4D22-A579-470F44DD4F34}.Release|x64.Deploy.0 = Release|x64
		{DC82349F-EE79-4D22-A579-470F44DD4F34}.Release|x86.ActiveCfg = Release|x86
		{DC82349F-EE79-4D22-A579-470F44DD4F34}.Release|x86.Build.0 = Release|x86
		{DC82349F-EE79-4D22-A579-470F44DD4F34}.Release|x86.Deploy.0 = Release|x86
		{A0FA012C-7E2D-4951-80F4-78A580E19F3F}.Ad-Hoc|Any CPU.ActiveCfg = Release|Any CPU
		{A0FA012C-7E2D-4951-80F4-78A580E19F3F}.Ad-Hoc|Any CPU.Build.0 = Release|Any CPU
		{A0FA012C-7E2D-4951-80F4-78A580E19F3F}.Ad-Hoc|ARM.ActiveCfg = Release|Any CPU
		{A0FA012C-7E2D-4951-80F4-78A580E19F3F}.Ad-Hoc|ARM.Build.0 = Release|Any CPU
		{A0FA012C-7E2D-4951-80F4-78A580E19F3F}.Ad-Hoc|iPhone.ActiveCfg = Release|Any CPU
		{A0FA012C-7E2D-4951-80F4-78A580E19F3F}.Ad-Hoc|iPhone.Build.0 = Release|Any CPU
		{A0FA012C-7E2D-4951-80F4-78A580E19F3F}.Ad-Hoc|iPhoneSimulator.ActiveCfg = Release|Any CPU
		{A0FA012C-7E2D-4951-80F4-78A580E19F3F}.Ad-Hoc|iPhoneSimulator.Build.0 = Release|Any CPU
		{A0FA012C-7E2D-4951-80F4-78A580E19F3F}.Ad-Hoc|x64.ActiveCfg = Release|Any CPU
		{A0FA012C-7E2D-4951-80F4-78A580E19F3F}.Ad-Hoc|x64.Build.0 = Release|Any CPU
		{A0FA012C-7E2D-4951-80F4-78A580E19F3F}.Ad-Hoc|x86.ActiveCfg = Release|Any CPU
		{A0FA012C-7E2D-4951-80F4-78A580E19F3F}.Ad-Hoc|x86.Build.0 = Release|Any CPU
		{A0FA012C-7E2D-4951-80F4-78A580E19F3F}.AppStore|Any CPU.ActiveCfg = Release|Any CPU
		{A0FA012C-7E2D-4951-80F4-78A580E19F3F}.AppStore|Any CPU.Build.0 = Release|Any CPU
		{A0FA012C-7E2D-4951-80F4-78A580E19F3F}.AppStore|ARM.ActiveCfg = Release|Any CPU
		{A0FA012C-7E2D-4951-80F4-78A580E19F3F}.AppStore|ARM.Build.0 = Release|Any CPU
		{A0FA012C-7E2D-4951-80F4-78A580E19F3F}.AppStore|iPhone.ActiveCfg = Release|Any CPU
		{A0FA012C-7E2D-4951-80F4-78A580E19F3F}.AppStore|iPhone.Build.0 = Release|Any CPU
		{A0FA012C-7E2D-4951-80F4-78A580E19F3F}.AppStore|iPhoneSimulator.ActiveCfg = Release|Any CPU
		{A0FA012C-7E2D-4951-80F4-78A580E19F3F}.AppStore|iPhoneSimulator.Build.0 = Release|Any CPU
		{A0FA012C-7E2D-4951-80F4-78A580E19F3F}.AppStore|x64.ActiveCfg = Release|Any CPU
		{A0FA012C-7E2D-4951-80F4-78A580E19F3F}.AppStore|x64.Build.0 = Release|Any CPU
		{A0FA012C-7E2D-4951-80F4-78A580E19F3F}.AppStore|x86.ActiveCfg = Release|Any CPU
		{A0FA012C-7E2D-4951-80F4-78A580E19F3F}.AppStore|x86.Build.0 = Release|Any CPU
		{A0FA012C-7E2D-4951-80F4-78A580E19F3F}.Debug|Any CPU.ActiveCfg = Debug|Any CPU
		{A0FA012C-7E2D-4951-80F4-78A580E19F3F}.Debug|Any CPU.Build.0 = Debug|Any CPU
		{A0FA012C-7E2D-4951-80F4-78A580E19F3F}.Debug|ARM.ActiveCfg = Debug|Any CPU
		{A0FA012C-7E2D-4951-80F4-78A580E19F3F}.Debug|ARM.Build.0 = Debug|Any CPU
		{A0FA012C-7E2D-4951-80F4-78A580E19F3F}.Debug|iPhone.ActiveCfg = Debug|Any CPU
		{A0FA012C-7E2D-4951-80F4-78A580E19F3F}.Debug|iPhone.Build.0 = Debug|Any CPU
		{A0FA012C-7E2D-4951-80F4-78A580E19F3F}.Debug|iPhoneSimulator.ActiveCfg = Debug|Any CPU
		{A0FA012C-7E2D-4951-80F4-78A580E19F3F}.Debug|iPhoneSimulator.Build.0 = Debug|Any CPU
		{A0FA012C-7E2D-4951-80F4-78A580E19F3F}.Debug|x64.ActiveCfg = Debug|Any CPU
		{A0FA012C-7E2D-4951-80F4-78A580E19F3F}.Debug|x64.Build.0 = Debug|Any CPU
		{A0FA012C-7E2D-4951-80F4-78A580E19F3F}.Debug|x86.ActiveCfg = Debug|Any CPU
		{A0FA012C-7E2D-4951-80F4-78A580E19F3F}.Debug|x86.Build.0 = Debug|Any CPU
		{A0FA012C-7E2D-4951-80F4-78A580E19F3F}.Release|Any CPU.ActiveCfg = Release|Any CPU
		{A0FA012C-7E2D-4951-80F4-78A580E19F3F}.Release|Any CPU.Build.0 = Release|Any CPU
		{A0FA012C-7E2D-4951-80F4-78A580E19F3F}.Release|ARM.ActiveCfg = Release|Any CPU
		{A0FA012C-7E2D-4951-80F4-78A580E19F3F}.Release|ARM.Build.0 = Release|Any CPU
		{A0FA012C-7E2D-4951-80F4-78A580E19F3F}.Release|iPhone.ActiveCfg = Release|Any CPU
		{A0FA012C-7E2D-4951-80F4-78A580E19F3F}.Release|iPhone.Build.0 = Release|Any CPU
		{A0FA012C-7E2D-4951-80F4-78A580E19F3F}.Release|iPhoneSimulator.ActiveCfg = Release|Any CPU
		{A0FA012C-7E2D-4951-80F4-78A580E19F3F}.Release|iPhoneSimulator.Build.0 = Release|Any CPU
		{A0FA012C-7E2D-4951-80F4-78A580E19F3F}.Release|x64.ActiveCfg = Release|Any CPU
		{A0FA012C-7E2D-4951-80F4-78A580E19F3F}.Release|x64.Build.0 = Release|Any CPU
		{A0FA012C-7E2D-4951-80F4-78A580E19F3F}.Release|x86.ActiveCfg = Release|Any CPU
		{A0FA012C-7E2D-4951-80F4-78A580E19F3F}.Release|x86.Build.0 = Release|Any CPU
	EndGlobalSection
	GlobalSection(SolutionProperties) = preSolution
		HideSolutionNode = FALSE
	EndGlobalSection
EndGlobal
