
Microsoft Visual Studio Solution File, Format Version 12.00
# Visual Studio 14
VisualStudioVersion = 14.0.25123.0
MinimumVisualStudioVersion = 10.0.40219.1
Project("{FAE04EC0-301F-11D3-BF4B-00C04F79EFBC}") = "ShareAnything.Android", "ShareAnything\ShareAnything.Android.csproj", "{5B82E44E-CE13-4221-AABA-8F5F781BBCF9}"
EndProject
Project("{FAE04EC0-301F-11D3-BF4B-00C04F79EFBC}") = "ShareAnything.Shared", "ShareAnything.Shared\ShareAnything.Shared.csproj", "{E5500151-324F-4762-BF78-27EE977CDC03}"
EndProject
Global
	GlobalSection(SolutionConfigurationPlatforms) = preSolution
		Debug|Any CPU = Debug|Any CPU
		Release|Any CPU = Release|Any CPU
	EndGlobalSection
	GlobalSection(ProjectConfigurationPlatforms) = postSolution
		{5B82E44E-CE13-4221-AABA-8F5F781BBCF9}.Debug|Any CPU.ActiveCfg = Debug|Any CPU
		{5B82E44E-CE13-4221-AABA-8F5F781BBCF9}.Debug|Any CPU.Build.0 = Debug|Any CPU
		{5B82E44E-CE13-4221-AABA-8F5F781BBCF9}.Debug|Any CPU.Deploy.0 = Debug|Any CPU
		{5B82E44E-CE13-4221-AABA-8F5F781BBCF9}.Release|Any CPU.ActiveCfg = Release|Any CPU
		{5B82E44E-CE13-4221-AABA-8F5F781BBCF9}.Release|Any CPU.Build.0 = Release|Any CPU
		{5B82E44E-CE13-4221-AABA-8F5F781BBCF9}.Release|Any CPU.Deploy.0 = Release|Any CPU
		{E5500151-324F-4762-BF78-27EE977CDC03}.Debug|Any CPU.ActiveCfg = Debug|Any CPU
		{E5500151-324F-4762-BF78-27EE977CDC03}.Debug|Any CPU.Build.0 = Debug|Any CPU
		{E5500151-324F-4762-BF78-27EE977CDC03}.Release|Any CPU.ActiveCfg = Release|Any CPU
		{E5500151-324F-4762-BF78-27EE977CDC03}.Release|Any CPU.Build.0 = Release|Any CPU
	EndGlobalSection
	GlobalSection(SolutionProperties) = preSolution
		HideSolutionNode = FALSE
	EndGlobalSection
EndGlobal
