
Microsoft Visual Studio Solution File, Format Version 12.00
# Visual Studio 14
VisualStudioVersion = 14.0.25123.0
MinimumVisualStudioVersion = 10.0.40219.1
Project("{FAE04EC0-301F-11D3-BF4B-00C04F79EFBC}") = "ShareAnything.Form.Droid", "ShareAnything.Form\ShareAnything.Form.Droid\ShareAnything.Form.Droid.csproj", "{9F324225-3076-4008-9B9D-3BBA35D56883}"
EndProject
Project("{FAE04EC0-301F-11D3-BF4B-00C04F79EFBC}") = "ShareAnything.Form.iOS", "ShareAnything.Form\ShareAnything.Form.iOS\ShareAnything.Form.iOS.csproj", "{0ADC735E-5AC5-4A50-8BBA-0CF08CFD2F24}"
EndProject
Project("{FAE04EC0-301F-11D3-BF4B-00C04F79EFBC}") = "ShareAnything.Form.UWP", "ShareAnything.Form\ShareAnything.Form.UWP\ShareAnything.Form.UWP.csproj", "{52DA1D41-1F65-4247-BB25-954BEE15FCFB}"
EndProject
Project("{D954291E-2A0B-460D-934E-DC6B0785DB48}") = "ShareAnything.Form", "ShareAnything.Form\ShareAnything.Form\ShareAnything.Form.shproj", "{6A902992-85D8-4DB0-8AA1-19B4D3329C24}"
EndProject
Global
	GlobalSection(SharedMSBuildProjectFiles) = preSolution
		ShareAnything.Form\ShareAnything.Form\ShareAnything.Form.projitems*{6a902992-85d8-4db0-8aa1-19b4d3329c24}*SharedItemsImports = 13
	EndGlobalSection
	GlobalSection(SolutionConfigurationPlatforms) = preSolution
		Ad-Hoc|Any CPU = Ad-Hoc|Any CPU
		Ad-Hoc|ARM = Ad-Hoc|ARM
		Ad-Hoc|iPhone = Ad-Hoc|iPhone
		Ad-Hoc|iPhoneSimulator = Ad-Hoc|iPhoneSimulator
		Ad-Hoc|x64 = Ad-Hoc|x64
		Ad-Hoc|x86 = Ad-Hoc|x86
		AppStore|Any CPU = AppStore|Any CPU
		AppStore|ARM = AppStore|ARM
		AppStore|iPhone = AppStore|iPhone
		AppStore|iPhoneSimulator = AppStore|iPhoneSimulator
		AppStore|x64 = AppStore|x64
		AppStore|x86 = AppStore|x86
		Debug|Any CPU = Debug|Any CPU
		Debug|ARM = Debug|ARM
		Debug|iPhone = Debug|iPhone
		Debug|iPhoneSimulator = Debug|iPhoneSimulator
		Debug|x64 = Debug|x64
		Debug|x86 = Debug|x86
		Release|Any CPU = Release|Any CPU
		Release|ARM = Release|ARM
		Release|iPhone = Release|iPhone
		Release|iPhoneSimulator = Release|iPhoneSimulator
		Release|x64 = Release|x64
		Release|x86 = Release|x86
	EndGlobalSection
	GlobalSection(ProjectConfigurationPlatforms) = postSolution
		{9F324225-3076-4008-9B9D-3BBA35D56883}.Ad-Hoc|Any CPU.ActiveCfg = Release|Any CPU
		{9F324225-3076-4008-9B9D-3BBA35D56883}.Ad-Hoc|Any CPU.Build.0 = Release|Any CPU
		{9F324225-3076-4008-9B9D-3BBA35D56883}.Ad-Hoc|Any CPU.Deploy.0 = Release|Any CPU
		{9F324225-3076-4008-9B9D-3BBA35D56883}.Ad-Hoc|ARM.ActiveCfg = Release|Any CPU
		{9F324225-3076-4008-9B9D-3BBA35D56883}.Ad-Hoc|ARM.Build.0 = Release|Any CPU
		{9F324225-3076-4008-9B9D-3BBA35D56883}.Ad-Hoc|ARM.Deploy.0 = Release|Any CPU
		{9F324225-3076-4008-9B9D-3BBA35D56883}.Ad-Hoc|iPhone.ActiveCfg = Release|Any CPU
		{9F324225-3076-4008-9B9D-3BBA35D56883}.Ad-Hoc|iPhone.Build.0 = Release|Any CPU
		{9F324225-3076-4008-9B9D-3BBA35D56883}.Ad-Hoc|iPhone.Deploy.0 = Release|Any CPU
		{9F324225-3076-4008-9B9D-3BBA35D56883}.Ad-Hoc|iPhoneSimulator.ActiveCfg = Release|Any CPU
		{9F324225-3076-4008-9B9D-3BBA35D56883}.Ad-Hoc|iPhoneSimulator.Build.0 = Release|Any CPU
		{9F324225-3076-4008-9B9D-3BBA35D56883}.Ad-Hoc|iPhoneSimulator.Deploy.0 = Release|Any CPU
		{9F324225-3076-4008-9B9D-3BBA35D56883}.Ad-Hoc|x64.ActiveCfg = Release|Any CPU
		{9F324225-3076-4008-9B9D-3BBA35D56883}.Ad-Hoc|x64.Build.0 = Release|Any CPU
		{9F324225-3076-4008-9B9D-3BBA35D56883}.Ad-Hoc|x64.Deploy.0 = Release|Any CPU
		{9F324225-3076-4008-9B9D-3BBA35D56883}.Ad-Hoc|x86.ActiveCfg = Release|Any CPU
		{9F324225-3076-4008-9B9D-3BBA35D56883}.Ad-Hoc|x86.Build.0 = Release|Any CPU
		{9F324225-3076-4008-9B9D-3BBA35D56883}.Ad-Hoc|x86.Deploy.0 = Release|Any CPU
		{9F324225-3076-4008-9B9D-3BBA35D56883}.AppStore|Any CPU.ActiveCfg = Release|Any CPU
		{9F324225-3076-4008-9B9D-3BBA35D56883}.AppStore|Any CPU.Build.0 = Release|Any CPU
		{9F324225-3076-4008-9B9D-3BBA35D56883}.AppStore|Any CPU.Deploy.0 = Release|Any CPU
		{9F324225-3076-4008-9B9D-3BBA35D56883}.AppStore|ARM.ActiveCfg = Release|Any CPU
		{9F324225-3076-4008-9B9D-3BBA35D56883}.AppStore|ARM.Build.0 = Release|Any CPU
		{9F324225-3076-4008-9B9D-3BBA35D56883}.AppStore|ARM.Deploy.0 = Release|Any CPU
		{9F324225-3076-4008-9B9D-3BBA35D56883}.AppStore|iPhone.ActiveCfg = Release|Any CPU
		{9F324225-3076-4008-9B9D-3BBA35D56883}.AppStore|iPhone.Build.0 = Release|Any CPU
		{9F324225-3076-4008-9B9D-3BBA35D56883}.AppStore|iPhone.Deploy.0 = Release|Any CPU
		{9F324225-3076-4008-9B9D-3BBA35D56883}.AppStore|iPhoneSimulator.ActiveCfg = Release|Any CPU
		{9F324225-3076-4008-9B9D-3BBA35D56883}.AppStore|iPhoneSimulator.Build.0 = Release|Any CPU
		{9F324225-3076-4008-9B9D-3BBA35D56883}.AppStore|iPhoneSimulator.Deploy.0 = Release|Any CPU
		{9F324225-3076-4008-9B9D-3BBA35D56883}.AppStore|x64.ActiveCfg = Release|Any CPU
		{9F324225-3076-4008-9B9D-3BBA35D56883}.AppStore|x64.Build.0 = Release|Any CPU
		{9F324225-3076-4008-9B9D-3BBA35D56883}.AppStore|x64.Deploy.0 = Release|Any CPU
		{9F324225-3076-4008-9B9D-3BBA35D56883}.AppStore|x86.ActiveCfg = Release|Any CPU
		{9F324225-3076-4008-9B9D-3BBA35D56883}.AppStore|x86.Build.0 = Release|Any CPU
		{9F324225-3076-4008-9B9D-3BBA35D56883}.AppStore|x86.Deploy.0 = Release|Any CPU
		{9F324225-3076-4008-9B9D-3BBA35D56883}.Debug|Any CPU.ActiveCfg = Debug|Any CPU
		{9F324225-3076-4008-9B9D-3BBA35D56883}.Debug|Any CPU.Build.0 = Debug|Any CPU
		{9F324225-3076-4008-9B9D-3BBA35D56883}.Debug|Any CPU.Deploy.0 = Debug|Any CPU
		{9F324225-3076-4008-9B9D-3BBA35D56883}.Debug|ARM.ActiveCfg = Debug|Any CPU
		{9F324225-3076-4008-9B9D-3BBA35D56883}.Debug|ARM.Build.0 = Debug|Any CPU
		{9F324225-3076-4008-9B9D-3BBA35D56883}.Debug|ARM.Deploy.0 = Debug|Any CPU
		{9F324225-3076-4008-9B9D-3BBA35D56883}.Debug|iPhone.ActiveCfg = Debug|Any CPU
		{9F324225-3076-4008-9B9D-3BBA35D56883}.Debug|iPhone.Build.0 = Debug|Any CPU
		{9F324225-3076-4008-9B9D-3BBA35D56883}.Debug|iPhone.Deploy.0 = Debug|Any CPU
		{9F324225-3076-4008-9B9D-3BBA35D56883}.Debug|iPhoneSimulator.ActiveCfg = Debug|Any CPU
		{9F324225-3076-4008-9B9D-3BBA35D56883}.Debug|iPhoneSimulator.Build.0 = Debug|Any CPU
		{9F324225-3076-4008-9B9D-3BBA35D56883}.Debug|iPhoneSimulator.Deploy.0 = Debug|Any CPU
		{9F324225-3076-4008-9B9D-3BBA35D56883}.Debug|x64.ActiveCfg = Debug|Any CPU
		{9F324225-3076-4008-9B9D-3BBA35D56883}.Debug|x64.Build.0 = Debug|Any CPU
		{9F324225-3076-4008-9B9D-3BBA35D56883}.Debug|x64.Deploy.0 = Debug|Any CPU
		{9F324225-3076-4008-9B9D-3BBA35D56883}.Debug|x86.ActiveCfg = Debug|Any CPU
		{9F324225-3076-4008-9B9D-3BBA35D56883}.Debug|x86.Build.0 = Debug|Any CPU
		{9F324225-3076-4008-9B9D-3BBA35D56883}.Debug|x86.Deploy.0 = Debug|Any CPU
		{9F324225-3076-4008-9B9D-3BBA35D56883}.Release|Any CPU.ActiveCfg = Release|Any CPU
		{9F324225-3076-4008-9B9D-3BBA35D56883}.Release|Any CPU.Build.0 = Release|Any CPU
		{9F324225-3076-4008-9B9D-3BBA35D56883}.Release|Any CPU.Deploy.0 = Release|Any CPU
		{9F324225-3076-4008-9B9D-3BBA35D56883}.Release|ARM.ActiveCfg = Release|Any CPU
		{9F324225-3076-4008-9B9D-3BBA35D56883}.Release|ARM.Build.0 = Release|Any CPU
		{9F324225-3076-4008-9B9D-3BBA35D56883}.Release|ARM.Deploy.0 = Release|Any CPU
		{9F324225-3076-4008-9B9D-3BBA35D56883}.Release|iPhone.ActiveCfg = Release|Any CPU
		{9F324225-3076-4008-9B9D-3BBA35D56883}.Release|iPhone.Build.0 = Release|Any CPU
		{9F324225-3076-4008-9B9D-3BBA35D56883}.Release|iPhone.Deploy.0 = Release|Any CPU
		{9F324225-3076-4008-9B9D-3BBA35D56883}.Release|iPhoneSimulator.ActiveCfg = Release|Any CPU
		{9F324225-3076-4008-9B9D-3BBA35D56883}.Release|iPhoneSimulator.Build.0 = Release|Any CPU
		{9F324225-3076-4008-9B9D-3BBA35D56883}.Release|iPhoneSimulator.Deploy.0 = Release|Any CPU
		{9F324225-3076-4008-9B9D-3BBA35D56883}.Release|x64.ActiveCfg = Release|Any CPU
		{9F324225-3076-4008-9B9D-3BBA35D56883}.Release|x64.Build.0 = Release|Any CPU
		{9F324225-3076-4008-9B9D-3BBA35D56883}.Release|x64.Deploy.0 = Release|Any CPU
		{9F324225-3076-4008-9B9D-3BBA35D56883}.Release|x86.ActiveCfg = Release|Any CPU
		{9F324225-3076-4008-9B9D-3BBA35D56883}.Release|x86.Build.0 = Release|Any CPU
		{9F324225-3076-4008-9B9D-3BBA35D56883}.Release|x86.Deploy.0 = Release|Any CPU
		{0ADC735E-5AC5-4A50-8BBA-0CF08CFD2F24}.Ad-Hoc|Any CPU.ActiveCfg = Ad-Hoc|iPhone
		{0ADC735E-5AC5-4A50-8BBA-0CF08CFD2F24}.Ad-Hoc|ARM.ActiveCfg = Ad-Hoc|iPhone
		{0ADC735E-5AC5-4A50-8BBA-0CF08CFD2F24}.Ad-Hoc|iPhone.ActiveCfg = Ad-Hoc|iPhone
		{0ADC735E-5AC5-4A50-8BBA-0CF08CFD2F24}.Ad-Hoc|iPhone.Build.0 = Ad-Hoc|iPhone
		{0ADC735E-5AC5-4A50-8BBA-0CF08CFD2F24}.Ad-Hoc|iPhoneSimulator.ActiveCfg = Ad-Hoc|iPhoneSimulator
		{0ADC735E-5AC5-4A50-8BBA-0CF08CFD2F24}.Ad-Hoc|iPhoneSimulator.Build.0 = Ad-Hoc|iPhoneSimulator
		{0ADC735E-5AC5-4A50-8BBA-0CF08CFD2F24}.Ad-Hoc|x64.ActiveCfg = Ad-Hoc|iPhone
		{0ADC735E-5AC5-4A50-8BBA-0CF08CFD2F24}.Ad-Hoc|x86.ActiveCfg = Ad-Hoc|iPhone
		{0ADC735E-5AC5-4A50-8BBA-0CF08CFD2F24}.AppStore|Any CPU.ActiveCfg = AppStore|iPhone
		{0ADC735E-5AC5-4A50-8BBA-0CF08CFD2F24}.AppStore|ARM.ActiveCfg = AppStore|iPhone
		{0ADC735E-5AC5-4A50-8BBA-0CF08CFD2F24}.AppStore|iPhone.ActiveCfg = AppStore|iPhone
		{0ADC735E-5AC5-4A50-8BBA-0CF08CFD2F24}.AppStore|iPhone.Build.0 = AppStore|iPhone
		{0ADC735E-5AC5-4A50-8BBA-0CF08CFD2F24}.AppStore|iPhoneSimulator.ActiveCfg = AppStore|iPhoneSimulator
		{0ADC735E-5AC5-4A50-8BBA-0CF08CFD2F24}.AppStore|iPhoneSimulator.Build.0 = AppStore|iPhoneSimulator
		{0ADC735E-5AC5-4A50-8BBA-0CF08CFD2F24}.AppStore|x64.ActiveCfg = AppStore|iPhone
		{0ADC735E-5AC5-4A50-8BBA-0CF08CFD2F24}.AppStore|x86.ActiveCfg = AppStore|iPhone
		{0ADC735E-5AC5-4A50-8BBA-0CF08CFD2F24}.Debug|Any CPU.ActiveCfg = Debug|iPhone
		{0ADC735E-5AC5-4A50-8BBA-0CF08CFD2F24}.Debug|Any CPU.Build.0 = Debug|iPhone
		{0ADC735E-5AC5-4A50-8BBA-0CF08CFD2F24}.Debug|Any CPU.Deploy.0 = Debug|iPhone
		{0ADC735E-5AC5-4A50-8BBA-0CF08CFD2F24}.Debug|ARM.ActiveCfg = Debug|iPhone
		{0ADC735E-5AC5-4A50-8BBA-0CF08CFD2F24}.Debug|iPhone.ActiveCfg = Debug|iPhone
		{0ADC735E-5AC5-4A50-8BBA-0CF08CFD2F24}.Debug|iPhone.Build.0 = Debug|iPhone
		{0ADC735E-5AC5-4A50-8BBA-0CF08CFD2F24}.Debug|iPhoneSimulator.ActiveCfg = Debug|iPhoneSimulator
		{0ADC735E-5AC5-4A50-8BBA-0CF08CFD2F24}.Debug|iPhoneSimulator.Build.0 = Debug|iPhoneSimulator
		{0ADC735E-5AC5-4A50-8BBA-0CF08CFD2F24}.Debug|x64.ActiveCfg = Debug|iPhone
		{0ADC735E-5AC5-4A50-8BBA-0CF08CFD2F24}.Debug|x86.ActiveCfg = Debug|iPhone
		{0ADC735E-5AC5-4A50-8BBA-0CF08CFD2F24}.Release|Any CPU.ActiveCfg = Release|iPhone
		{0ADC735E-5AC5-4A50-8BBA-0CF08CFD2F24}.Release|ARM.ActiveCfg = Release|iPhone
		{0ADC735E-5AC5-4A50-8BBA-0CF08CFD2F24}.Release|iPhone.ActiveCfg = Release|iPhone
		{0ADC735E-5AC5-4A50-8BBA-0CF08CFD2F24}.Release|iPhone.Build.0 = Release|iPhone
		{0ADC735E-5AC5-4A50-8BBA-0CF08CFD2F24}.Release|iPhoneSimulator.ActiveCfg = Release|iPhoneSimulator
		{0ADC735E-5AC5-4A50-8BBA-0CF08CFD2F24}.Release|iPhoneSimulator.Build.0 = Release|iPhoneSimulator
		{0ADC735E-5AC5-4A50-8BBA-0CF08CFD2F24}.Release|x64.ActiveCfg = Release|iPhone
		{0ADC735E-5AC5-4A50-8BBA-0CF08CFD2F24}.Release|x86.ActiveCfg = Release|iPhone
		{52DA1D41-1F65-4247-BB25-954BEE15FCFB}.Ad-Hoc|Any CPU.ActiveCfg = Release|x86
		{52DA1D41-1F65-4247-BB25-954BEE15FCFB}.Ad-Hoc|Any CPU.Build.0 = Release|x86
		{52DA1D41-1F65-4247-BB25-954BEE15FCFB}.Ad-Hoc|Any CPU.Deploy.0 = Release|x86
		{52DA1D41-1F65-4247-BB25-954BEE15FCFB}.Ad-Hoc|ARM.ActiveCfg = Release|ARM
		{52DA1D41-1F65-4247-BB25-954BEE15FCFB}.Ad-Hoc|ARM.Build.0 = Release|ARM
		{52DA1D41-1F65-4247-BB25-954BEE15FCFB}.Ad-Hoc|ARM.Deploy.0 = Release|ARM
		{52DA1D41-1F65-4247-BB25-954BEE15FCFB}.Ad-Hoc|iPhone.ActiveCfg = Release|x86
		{52DA1D41-1F65-4247-BB25-954BEE15FCFB}.Ad-Hoc|iPhone.Build.0 = Release|x86
		{52DA1D41-1F65-4247-BB25-954BEE15FCFB}.Ad-Hoc|iPhone.Deploy.0 = Release|x86
		{52DA1D41-1F65-4247-BB25-954BEE15FCFB}.Ad-Hoc|iPhoneSimulator.ActiveCfg = Release|x86
		{52DA1D41-1F65-4247-BB25-954BEE15FCFB}.Ad-Hoc|iPhoneSimulator.Build.0 = Release|x86
		{52DA1D41-1F65-4247-BB25-954BEE15FCFB}.Ad-Hoc|iPhoneSimulator.Deploy.0 = Release|x86
		{52DA1D41-1F65-4247-BB25-954BEE15FCFB}.Ad-Hoc|x64.ActiveCfg = Release|x64
		{52DA1D41-1F65-4247-BB25-954BEE15FCFB}.Ad-Hoc|x64.Build.0 = Release|x64
		{52DA1D41-1F65-4247-BB25-954BEE15FCFB}.Ad-Hoc|x64.Deploy.0 = Release|x64
		{52DA1D41-1F65-4247-BB25-954BEE15FCFB}.Ad-Hoc|x86.ActiveCfg = Release|x86
		{52DA1D41-1F65-4247-BB25-954BEE15FCFB}.Ad-Hoc|x86.Build.0 = Release|x86
		{52DA1D41-1F65-4247-BB25-954BEE15FCFB}.Ad-Hoc|x86.Deploy.0 = Release|x86
		{52DA1D41-1F65-4247-BB25-954BEE15FCFB}.AppStore|Any CPU.ActiveCfg = Release|x86
		{52DA1D41-1F65-4247-BB25-954BEE15FCFB}.AppStore|Any CPU.Build.0 = Release|x86
		{52DA1D41-1F65-4247-BB25-954BEE15FCFB}.AppStore|Any CPU.Deploy.0 = Release|x86
		{52DA1D41-1F65-4247-BB25-954BEE15FCFB}.AppStore|ARM.ActiveCfg = Release|ARM
		{52DA1D41-1F65-4247-BB25-954BEE15FCFB}.AppStore|ARM.Build.0 = Release|ARM
		{52DA1D41-1F65-4247-BB25-954BEE15FCFB}.AppStore|ARM.Deploy.0 = Release|ARM
		{52DA1D41-1F65-4247-BB25-954BEE15FCFB}.AppStore|iPhone.ActiveCfg = Release|x86
		{52DA1D41-1F65-4247-BB25-954BEE15FCFB}.AppStore|iPhone.Build.0 = Release|x86
		{52DA1D41-1F65-4247-BB25-954BEE15FCFB}.AppStore|iPhone.Deploy.0 = Release|x86
		{52DA1D41-1F65-4247-BB25-954BEE15FCFB}.AppStore|iPhoneSimulator.ActiveCfg = Release|x86
		{52DA1D41-1F65-4247-BB25-954BEE15FCFB}.AppStore|iPhoneSimulator.Build.0 = Release|x86
		{52DA1D41-1F65-4247-BB25-954BEE15FCFB}.AppStore|iPhoneSimulator.Deploy.0 = Release|x86
		{52DA1D41-1F65-4247-BB25-954BEE15FCFB}.AppStore|x64.ActiveCfg = Release|x64
		{52DA1D41-1F65-4247-BB25-954BEE15FCFB}.AppStore|x64.Build.0 = Release|x64
		{52DA1D41-1F65-4247-BB25-954BEE15FCFB}.AppStore|x64.Deploy.0 = Release|x64
		{52DA1D41-1F65-4247-BB25-954BEE15FCFB}.AppStore|x86.ActiveCfg = Release|x86
		{52DA1D41-1F65-4247-BB25-954BEE15FCFB}.AppStore|x86.Build.0 = Release|x86
		{52DA1D41-1F65-4247-BB25-954BEE15FCFB}.AppStore|x86.Deploy.0 = Release|x86
		{52DA1D41-1F65-4247-BB25-954BEE15FCFB}.Debug|Any CPU.ActiveCfg = Debug|x86
		{52DA1D41-1F65-4247-BB25-954BEE15FCFB}.Debug|Any CPU.Build.0 = Debug|x86
		{52DA1D41-1F65-4247-BB25-954BEE15FCFB}.Debug|Any CPU.Deploy.0 = Debug|x86
		{52DA1D41-1F65-4247-BB25-954BEE15FCFB}.Debug|ARM.ActiveCfg = Debug|ARM
		{52DA1D41-1F65-4247-BB25-954BEE15FCFB}.Debug|ARM.Build.0 = Debug|ARM
		{52DA1D41-1F65-4247-BB25-954BEE15FCFB}.Debug|ARM.Deploy.0 = Debug|ARM
		{52DA1D41-1F65-4247-BB25-954BEE15FCFB}.Debug|iPhone.ActiveCfg = Debug|x86
		{52DA1D41-1F65-4247-BB25-954BEE15FCFB}.Debug|iPhoneSimulator.ActiveCfg = Debug|x86
		{52DA1D41-1F65-4247-BB25-954BEE15FCFB}.Debug|x64.ActiveCfg = Debug|x64
		{52DA1D41-1F65-4247-BB25-954BEE15FCFB}.Debug|x64.Build.0 = Debug|x64
		{52DA1D41-1F65-4247-BB25-954BEE15FCFB}.Debug|x64.Deploy.0 = Debug|x64
		{52DA1D41-1F65-4247-BB25-954BEE15FCFB}.Debug|x86.ActiveCfg = Debug|x86
		{52DA1D41-1F65-4247-BB25-954BEE15FCFB}.Debug|x86.Build.0 = Debug|x86
		{52DA1D41-1F65-4247-BB25-954BEE15FCFB}.Debug|x86.Deploy.0 = Debug|x86
		{52DA1D41-1F65-4247-BB25-954BEE15FCFB}.Release|Any CPU.ActiveCfg = Release|x86
		{52DA1D41-1F65-4247-BB25-954BEE15FCFB}.Release|ARM.ActiveCfg = Release|ARM
		{52DA1D41-1F65-4247-BB25-954BEE15FCFB}.Release|ARM.Build.0 = Release|ARM
		{52DA1D41-1F65-4247-BB25-954BEE15FCFB}.Release|ARM.Deploy.0 = Release|ARM
		{52DA1D41-1F65-4247-BB25-954BEE15FCFB}.Release|iPhone.ActiveCfg = Release|x86
		{52DA1D41-1F65-4247-BB25-954BEE15FCFB}.Release|iPhoneSimulator.ActiveCfg = Release|x86
		{52DA1D41-1F65-4247-BB25-954BEE15FCFB}.Release|x64.ActiveCfg = Release|x64
		{52DA1D41-1F65-4247-BB25-954BEE15FCFB}.Release|x64.Build.0 = Release|x64
		{52DA1D41-1F65-4247-BB25-954BEE15FCFB}.Release|x64.Deploy.0 = Release|x64
		{52DA1D41-1F65-4247-BB25-954BEE15FCFB}.Release|x86.ActiveCfg = Release|x86
		{52DA1D41-1F65-4247-BB25-954BEE15FCFB}.Release|x86.Build.0 = Release|x86
		{52DA1D41-1F65-4247-BB25-954BEE15FCFB}.Release|x86.Deploy.0 = Release|x86
	EndGlobalSection
	GlobalSection(SolutionProperties) = preSolution
		HideSolutionNode = FALSE
	EndGlobalSection
EndGlobal
